// !$*UTF8*$!
{
	archiveVersion = 1;
	classes = {
	};
	objectVersion = 48;
	objects = {

/* Begin PBXBuildFile section */
		35DE151E5320F91698B04B96 /* Pods_AniAppDemoTests.framework in Frameworks */ = {isa = PBXBuildFile; fileRef = 17E74EC81620794A5EFDF3B4 /* Pods_AniAppDemoTests.framework */; };
		63268B321FB05AF500B29682 /* AppDelegate.swift in Sources */ = {isa = PBXBuildFile; fileRef = 63268B311FB05AF500B29682 /* AppDelegate.swift */; };
		63268B371FB05AF500B29682 /* Main.storyboard in Resources */ = {isa = PBXBuildFile; fileRef = 63268B351FB05AF500B29682 /* Main.storyboard */; };
		63268B391FB05AF500B29682 /* Assets.xcassets in Resources */ = {isa = PBXBuildFile; fileRef = 63268B381FB05AF500B29682 /* Assets.xcassets */; };
		63268B3C1FB05AF500B29682 /* LaunchScreen.storyboard in Resources */ = {isa = PBXBuildFile; fileRef = 63268B3A1FB05AF500B29682 /* LaunchScreen.storyboard */; };
		63268B471FB05AF500B29682 /* AniAppDemoTests.swift in Sources */ = {isa = PBXBuildFile; fileRef = 63268B461FB05AF500B29682 /* AniAppDemoTests.swift */; };
		63268B521FB05AF500B29682 /* AniAppDemoUITests.swift in Sources */ = {isa = PBXBuildFile; fileRef = 63268B511FB05AF500B29682 /* AniAppDemoUITests.swift */; };
		63268B651FB0620A00B29682 /* Constants.swift in Sources */ = {isa = PBXBuildFile; fileRef = 63268B641FB0620A00B29682 /* Constants.swift */; };
		63268B671FB0625A00B29682 /* TokenSession.swift in Sources */ = {isa = PBXBuildFile; fileRef = 63268B661FB0625A00B29682 /* TokenSession.swift */; };
		63268B691FB062D700B29682 /* NetworkManager.swift in Sources */ = {isa = PBXBuildFile; fileRef = 63268B681FB062D700B29682 /* NetworkManager.swift */; };
		63268B6B1FB0632800B29682 /* Serie.swift in Sources */ = {isa = PBXBuildFile; fileRef = 63268B6A1FB0632800B29682 /* Serie.swift */; };
		63268B6D1FB0634E00B29682 /* SerieDetails.swift in Sources */ = {isa = PBXBuildFile; fileRef = 63268B6C1FB0634E00B29682 /* SerieDetails.swift */; };
		63268B711FB0638A00B29682 /* CharacterDetails.swift in Sources */ = {isa = PBXBuildFile; fileRef = 63268B701FB0638A00B29682 /* CharacterDetails.swift */; };
		63268B731FB0639F00B29682 /* Episode.swift in Sources */ = {isa = PBXBuildFile; fileRef = 63268B721FB0639F00B29682 /* Episode.swift */; };
		63268B751FB0645800B29682 /* SerieCell.swift in Sources */ = {isa = PBXBuildFile; fileRef = 63268B741FB0645800B29682 /* SerieCell.swift */; };
		63268B771FB064BB00B29682 /* HomeVC.swift in Sources */ = {isa = PBXBuildFile; fileRef = 63268B761FB064BB00B29682 /* HomeVC.swift */; };
		63268B7B1FB074A000B29682 /* AniDetailsVC.swift in Sources */ = {isa = PBXBuildFile; fileRef = 63268B7A1FB074A000B29682 /* AniDetailsVC.swift */; };
		635A7B9F1FB0C0DF004ADCAE /* MangaTableViewCell.swift in Sources */ = {isa = PBXBuildFile; fileRef = 635A7B9E1FB0C0DF004ADCAE /* MangaTableViewCell.swift */; };
		635A7BA11FB0C12C004ADCAE /* AniSearchVC.swift in Sources */ = {isa = PBXBuildFile; fileRef = 635A7BA01FB0C12C004ADCAE /* AniSearchVC.swift */; };
		635A7BA31FB0CA7E004ADCAE /* SearchModel.swift in Sources */ = {isa = PBXBuildFile; fileRef = 635A7BA21FB0CA7E004ADCAE /* SearchModel.swift */; };
		E1DC9AE65225F5D63E75F172 /* Pods_AniAppDemo.framework in Frameworks */ = {isa = PBXBuildFile; fileRef = 80CDCA024970C34E7827CD60 /* Pods_AniAppDemo.framework */; };
		F2652A8714276E0F9A6833F6 /* Pods_AniAppDemoUITests.framework in Frameworks */ = {isa = PBXBuildFile; fileRef = 70E7B06BD6063174404F60E6 /* Pods_AniAppDemoUITests.framework */; };
/* End PBXBuildFile section */

/* Begin PBXContainerItemProxy section */
		63268B431FB05AF500B29682 /* PBXContainerItemProxy */ = {
			isa = PBXContainerItemProxy;
			containerPortal = 63268B261FB05AF500B29682 /* Project object */;
			proxyType = 1;
			remoteGlobalIDString = 63268B2D1FB05AF500B29682;
			remoteInfo = AniAppDemo;
		};
		63268B4E1FB05AF500B29682 /* PBXContainerItemProxy */ = {
			isa = PBXContainerItemProxy;
			containerPortal = 63268B261FB05AF500B29682 /* Project object */;
			proxyType = 1;
			remoteGlobalIDString = 63268B2D1FB05AF500B29682;
			remoteInfo = AniAppDemo;
		};
/* End PBXContainerItemProxy section */

/* Begin PBXFileReference section */
		17E74EC81620794A5EFDF3B4 /* Pods_AniAppDemoTests.framework */ = {isa = PBXFileReference; explicitFileType = wrapper.framework; includeInIndex = 0; path = Pods_AniAppDemoTests.framework; sourceTree = BUILT_PRODUCTS_DIR; };
		216655B7AF17C526FD256D5A /* Pods-AniAppDemoTests.release.xcconfig */ = {isa = PBXFileReference; includeInIndex = 1; lastKnownFileType = text.xcconfig; name = "Pods-AniAppDemoTests.release.xcconfig"; path = "Pods/Target Support Files/Pods-AniAppDemoTests/Pods-AniAppDemoTests.release.xcconfig"; sourceTree = "<group>"; };
		25BE995EA6BA80C49673D1B0 /* Pods-AniAppDemoTests.debug.xcconfig */ = {isa = PBXFileReference; includeInIndex = 1; lastKnownFileType = text.xcconfig; name = "Pods-AniAppDemoTests.debug.xcconfig"; path = "Pods/Target Support Files/Pods-AniAppDemoTests/Pods-AniAppDemoTests.debug.xcconfig"; sourceTree = "<group>"; };
		63268B2E1FB05AF500B29682 /* AniAppDemo.app */ = {isa = PBXFileReference; explicitFileType = wrapper.application; includeInIndex = 0; path = AniAppDemo.app; sourceTree = BUILT_PRODUCTS_DIR; };
		63268B311FB05AF500B29682 /* AppDelegate.swift */ = {isa = PBXFileReference; lastKnownFileType = sourcecode.swift; path = AppDelegate.swift; sourceTree = "<group>"; };
		63268B361FB05AF500B29682 /* Base */ = {isa = PBXFileReference; lastKnownFileType = file.storyboard; name = Base; path = Base.lproj/Main.storyboard; sourceTree = "<group>"; };
		63268B381FB05AF500B29682 /* Assets.xcassets */ = {isa = PBXFileReference; lastKnownFileType = folder.assetcatalog; path = Assets.xcassets; sourceTree = "<group>"; };
		63268B3B1FB05AF500B29682 /* Base */ = {isa = PBXFileReference; lastKnownFileType = file.storyboard; name = Base; path = Base.lproj/LaunchScreen.storyboard; sourceTree = "<group>"; };
		63268B3D1FB05AF500B29682 /* Info.plist */ = {isa = PBXFileReference; lastKnownFileType = text.plist.xml; path = Info.plist; sourceTree = "<group>"; };
		63268B421FB05AF500B29682 /* AniAppDemoTests.xctest */ = {isa = PBXFileReference; explicitFileType = wrapper.cfbundle; includeInIndex = 0; path = AniAppDemoTests.xctest; sourceTree = BUILT_PRODUCTS_DIR; };
		63268B461FB05AF500B29682 /* AniAppDemoTests.swift */ = {isa = PBXFileReference; lastKnownFileType = sourcecode.swift; path = AniAppDemoTests.swift; sourceTree = "<group>"; };
		63268B481FB05AF500B29682 /* Info.plist */ = {isa = PBXFileReference; lastKnownFileType = text.plist.xml; path = Info.plist; sourceTree = "<group>"; };
		63268B4D1FB05AF500B29682 /* AniAppDemoUITests.xctest */ = {isa = PBXFileReference; explicitFileType = wrapper.cfbundle; includeInIndex = 0; path = AniAppDemoUITests.xctest; sourceTree = BUILT_PRODUCTS_DIR; };
		63268B511FB05AF500B29682 /* AniAppDemoUITests.swift */ = {isa = PBXFileReference; lastKnownFileType = sourcecode.swift; path = AniAppDemoUITests.swift; sourceTree = "<group>"; };
		63268B531FB05AF500B29682 /* Info.plist */ = {isa = PBXFileReference; lastKnownFileType = text.plist.xml; path = Info.plist; sourceTree = "<group>"; };
		63268B641FB0620A00B29682 /* Constants.swift */ = {isa = PBXFileReference; lastKnownFileType = sourcecode.swift; path = Constants.swift; sourceTree = "<group>"; };
		63268B661FB0625A00B29682 /* TokenSession.swift */ = {isa = PBXFileReference; lastKnownFileType = sourcecode.swift; path = TokenSession.swift; sourceTree = "<group>"; };
		63268B681FB062D700B29682 /* NetworkManager.swift */ = {isa = PBXFileReference; lastKnownFileType = sourcecode.swift; path = NetworkManager.swift; sourceTree = "<group>"; };
		63268B6A1FB0632800B29682 /* Serie.swift */ = {isa = PBXFileReference; lastKnownFileType = sourcecode.swift; path = Serie.swift; sourceTree = "<group>"; };
		63268B6C1FB0634E00B29682 /* SerieDetails.swift */ = {isa = PBXFileReference; lastKnownFileType = sourcecode.swift; path = SerieDetails.swift; sourceTree = "<group>"; };
		63268B701FB0638A00B29682 /* CharacterDetails.swift */ = {isa = PBXFileReference; lastKnownFileType = sourcecode.swift; path = CharacterDetails.swift; sourceTree = "<group>"; };
		63268B721FB0639F00B29682 /* Episode.swift */ = {isa = PBXFileReference; lastKnownFileType = sourcecode.swift; path = Episode.swift; sourceTree = "<group>"; };
		63268B741FB0645800B29682 /* SerieCell.swift */ = {isa = PBXFileReference; lastKnownFileType = sourcecode.swift; path = SerieCell.swift; sourceTree = "<group>"; };
		63268B761FB064BB00B29682 /* HomeVC.swift */ = {isa = PBXFileReference; lastKnownFileType = sourcecode.swift; path = HomeVC.swift; sourceTree = "<group>"; };
		63268B7A1FB074A000B29682 /* AniDetailsVC.swift */ = {isa = PBXFileReference; lastKnownFileType = sourcecode.swift; path = AniDetailsVC.swift; sourceTree = "<group>"; };
		635A7B9E1FB0C0DF004ADCAE /* MangaTableViewCell.swift */ = {isa = PBXFileReference; lastKnownFileType = sourcecode.swift; path = MangaTableViewCell.swift; sourceTree = "<group>"; };
		635A7BA01FB0C12C004ADCAE /* AniSearchVC.swift */ = {isa = PBXFileReference; lastKnownFileType = sourcecode.swift; path = AniSearchVC.swift; sourceTree = "<group>"; };
		635A7BA21FB0CA7E004ADCAE /* SearchModel.swift */ = {isa = PBXFileReference; lastKnownFileType = sourcecode.swift; path = SearchModel.swift; sourceTree = "<group>"; };
		6FDDF9ABAA5537C712CA207F /* Pods-AniAppDemo.release.xcconfig */ = {isa = PBXFileReference; includeInIndex = 1; lastKnownFileType = text.xcconfig; name = "Pods-AniAppDemo.release.xcconfig"; path = "Pods/Target Support Files/Pods-AniAppDemo/Pods-AniAppDemo.release.xcconfig"; sourceTree = "<group>"; };
		70E7B06BD6063174404F60E6 /* Pods_AniAppDemoUITests.framework */ = {isa = PBXFileReference; explicitFileType = wrapper.framework; includeInIndex = 0; path = Pods_AniAppDemoUITests.framework; sourceTree = BUILT_PRODUCTS_DIR; };
		80CDCA024970C34E7827CD60 /* Pods_AniAppDemo.framework */ = {isa = PBXFileReference; explicitFileType = wrapper.framework; includeInIndex = 0; path = Pods_AniAppDemo.framework; sourceTree = BUILT_PRODUCTS_DIR; };
		8ED1818FBD2CA916DEC3B6BC /* Pods-AniAppDemoUITests.release.xcconfig */ = {isa = PBXFileReference; includeInIndex = 1; lastKnownFileType = text.xcconfig; name = "Pods-AniAppDemoUITests.release.xcconfig"; path = "Pods/Target Support Files/Pods-AniAppDemoUITests/Pods-AniAppDemoUITests.release.xcconfig"; sourceTree = "<group>"; };
		B7423D7EF3220FDCD610BD84 /* Pods-AniAppDemoUITests.debug.xcconfig */ = {isa = PBXFileReference; includeInIndex = 1; lastKnownFileType = text.xcconfig; name = "Pods-AniAppDemoUITests.debug.xcconfig"; path = "Pods/Target Support Files/Pods-AniAppDemoUITests/Pods-AniAppDemoUITests.debug.xcconfig"; sourceTree = "<group>"; };
		D7B331D5E82F8C9AF13D0AF0 /* Pods-AniAppDemo.debug.xcconfig */ = {isa = PBXFileReference; includeInIndex = 1; lastKnownFileType = text.xcconfig; name = "Pods-AniAppDemo.debug.xcconfig"; path = "Pods/Target Support Files/Pods-AniAppDemo/Pods-AniAppDemo.debug.xcconfig"; sourceTree = "<group>"; };
/* End PBXFileReference section */

/* Begin PBXFrameworksBuildPhase section */
		63268B2B1FB05AF500B29682 /* Frameworks */ = {
			isa = PBXFrameworksBuildPhase;
			buildActionMask = 2147483647;
			files = (
				E1DC9AE65225F5D63E75F172 /* Pods_AniAppDemo.framework in Frameworks */,
			);
			runOnlyForDeploymentPostprocessing = 0;
		};
		63268B3F1FB05AF500B29682 /* Frameworks */ = {
			isa = PBXFrameworksBuildPhase;
			buildActionMask = 2147483647;
			files = (
				35DE151E5320F91698B04B96 /* Pods_AniAppDemoTests.framework in Frameworks */,
			);
			runOnlyForDeploymentPostprocessing = 0;
		};
		63268B4A1FB05AF500B29682 /* Frameworks */ = {
			isa = PBXFrameworksBuildPhase;
			buildActionMask = 2147483647;
			files = (
				F2652A8714276E0F9A6833F6 /* Pods_AniAppDemoUITests.framework in Frameworks */,
			);
			runOnlyForDeploymentPostprocessing = 0;
		};
/* End PBXFrameworksBuildPhase section */

/* Begin PBXGroup section */
		61BA53C2B1489B6B92B832EA /* Pods */ = {
			isa = PBXGroup;
			children = (
				D7B331D5E82F8C9AF13D0AF0 /* Pods-AniAppDemo.debug.xcconfig */,
				6FDDF9ABAA5537C712CA207F /* Pods-AniAppDemo.release.xcconfig */,
				25BE995EA6BA80C49673D1B0 /* Pods-AniAppDemoTests.debug.xcconfig */,
				216655B7AF17C526FD256D5A /* Pods-AniAppDemoTests.release.xcconfig */,
				B7423D7EF3220FDCD610BD84 /* Pods-AniAppDemoUITests.debug.xcconfig */,
				8ED1818FBD2CA916DEC3B6BC /* Pods-AniAppDemoUITests.release.xcconfig */,
			);
			name = Pods;
			sourceTree = "<group>";
		};
		63268B251FB05AF500B29682 = {
			isa = PBXGroup;
			children = (
				63268B301FB05AF500B29682 /* AniAppDemo */,
				63268B451FB05AF500B29682 /* AniAppDemoTests */,
				63268B501FB05AF500B29682 /* AniAppDemoUITests */,
				63268B2F1FB05AF500B29682 /* Products */,
				61BA53C2B1489B6B92B832EA /* Pods */,
				75BA77D34244829FD028FC55 /* Frameworks */,
			);
			sourceTree = "<group>";
		};
		63268B2F1FB05AF500B29682 /* Products */ = {
			isa = PBXGroup;
			children = (
				63268B2E1FB05AF500B29682 /* AniAppDemo.app */,
				63268B421FB05AF500B29682 /* AniAppDemoTests.xctest */,
				63268B4D1FB05AF500B29682 /* AniAppDemoUITests.xctest */,
			);
			name = Products;
			sourceTree = "<group>";
		};
		63268B301FB05AF500B29682 /* AniAppDemo */ = {
			isa = PBXGroup;
			children = (
				63268B631FB061E000B29682 /* Util */,
				63268B621FB061CE00B29682 /* Network */,
				EBF592891FB1B1BF0085FEB2 /* 3rdPartyLib */,
				63268B611FB0616000B29682 /* Model */,
				63268B601FB0615200B29682 /* CustomCell */,
				63268B5F1FB0612300B29682 /* Controllers */,
				63268B311FB05AF500B29682 /* AppDelegate.swift */,
				63268B351FB05AF500B29682 /* Main.storyboard */,
				63268B381FB05AF500B29682 /* Assets.xcassets */,
				63268B3A1FB05AF500B29682 /* LaunchScreen.storyboard */,
				63268B3D1FB05AF500B29682 /* Info.plist */,
			);
			path = AniAppDemo;
			sourceTree = "<group>";
		};
		63268B451FB05AF500B29682 /* AniAppDemoTests */ = {
			isa = PBXGroup;
			children = (
				63268B461FB05AF500B29682 /* AniAppDemoTests.swift */,
				63268B481FB05AF500B29682 /* Info.plist */,
			);
			path = AniAppDemoTests;
			sourceTree = "<group>";
		};
		63268B501FB05AF500B29682 /* AniAppDemoUITests */ = {
			isa = PBXGroup;
			children = (
				63268B511FB05AF500B29682 /* AniAppDemoUITests.swift */,
				63268B531FB05AF500B29682 /* Info.plist */,
			);
			path = AniAppDemoUITests;
			sourceTree = "<group>";
		};
		63268B5F1FB0612300B29682 /* Controllers */ = {
			isa = PBXGroup;
			children = (
				63268B761FB064BB00B29682 /* HomeVC.swift */,
				63268B7A1FB074A000B29682 /* AniDetailsVC.swift */,
				635A7BA01FB0C12C004ADCAE /* AniSearchVC.swift */,
			);
			path = Controllers;
			sourceTree = "<group>";
		};
		63268B601FB0615200B29682 /* CustomCell */ = {
			isa = PBXGroup;
			children = (
				63268B741FB0645800B29682 /* SerieCell.swift */,
				635A7B9E1FB0C0DF004ADCAE /* MangaTableViewCell.swift */,
			);
			path = CustomCell;
			sourceTree = "<group>";
		};
		63268B611FB0616000B29682 /* Model */ = {
			isa = PBXGroup;
			children = (
				63268B6A1FB0632800B29682 /* Serie.swift */,
				63268B6C1FB0634E00B29682 /* SerieDetails.swift */,
				63268B701FB0638A00B29682 /* CharacterDetails.swift */,
				63268B721FB0639F00B29682 /* Episode.swift */,
				635A7BA21FB0CA7E004ADCAE /* SearchModel.swift */,
			);
			path = Model;
			sourceTree = "<group>";
		};
		63268B621FB061CE00B29682 /* Network */ = {
			isa = PBXGroup;
			children = (
				63268B681FB062D700B29682 /* NetworkManager.swift */,
			);
			path = Network;
			sourceTree = "<group>";
		};
		63268B631FB061E000B29682 /* Util */ = {
			isa = PBXGroup;
			children = (
				63268B641FB0620A00B29682 /* Constants.swift */,
				63268B661FB0625A00B29682 /* TokenSession.swift */,
			);
			path = Util;
			sourceTree = "<group>";
		};
		75BA77D34244829FD028FC55 /* Frameworks */ = {
			isa = PBXGroup;
			children = (
				80CDCA024970C34E7827CD60 /* Pods_AniAppDemo.framework */,
				17E74EC81620794A5EFDF3B4 /* Pods_AniAppDemoTests.framework */,
				70E7B06BD6063174404F60E6 /* Pods_AniAppDemoUITests.framework */,
			);
			name = Frameworks;
			sourceTree = "<group>";
		};
		EBF592891FB1B1BF0085FEB2 /* 3rdPartyLib */ = {
			isa = PBXGroup;
			children = (
			);
			path = 3rdPartyLib;
			sourceTree = "<group>";
		};
/* End PBXGroup section */

/* Begin PBXNativeTarget section */
		63268B2D1FB05AF500B29682 /* AniAppDemo */ = {
			isa = PBXNativeTarget;
			buildConfigurationList = 63268B561FB05AF500B29682 /* Build configuration list for PBXNativeTarget "AniAppDemo" */;
			buildPhases = (
				65594BB5E679E84DBA0A6515 /* [CP] Check Pods Manifest.lock */,
				63268B2A1FB05AF500B29682 /* Sources */,
				63268B2B1FB05AF500B29682 /* Frameworks */,
				63268B2C1FB05AF500B29682 /* Resources */,
				E816D873E792BC2142BFEF7D /* [CP] Embed Pods Frameworks */,
				71040DAC5B9E22DBCD7920E6 /* [CP] Copy Pods Resources */,
			);
			buildRules = (
			);
			dependencies = (
			);
			name = AniAppDemo;
			productName = AniAppDemo;
			productReference = 63268B2E1FB05AF500B29682 /* AniAppDemo.app */;
			productType = "com.apple.product-type.application";
		};
		63268B411FB05AF500B29682 /* AniAppDemoTests */ = {
			isa = PBXNativeTarget;
			buildConfigurationList = 63268B591FB05AF500B29682 /* Build configuration list for PBXNativeTarget "AniAppDemoTests" */;
			buildPhases = (
				C041A11D0E9D6A1C38C5A637 /* [CP] Check Pods Manifest.lock */,
				63268B3E1FB05AF500B29682 /* Sources */,
				63268B3F1FB05AF500B29682 /* Frameworks */,
				63268B401FB05AF500B29682 /* Resources */,
				FE4841C0B33C701CC98FB198 /* [CP] Embed Pods Frameworks */,
				003F9B431B853E7F5EF63067 /* [CP] Copy Pods Resources */,
			);
			buildRules = (
			);
			dependencies = (
				63268B441FB05AF500B29682 /* PBXTargetDependency */,
			);
			name = AniAppDemoTests;
			productName = AniAppDemoTests;
			productReference = 63268B421FB05AF500B29682 /* AniAppDemoTests.xctest */;
			productType = "com.apple.product-type.bundle.unit-test";
		};
		63268B4C1FB05AF500B29682 /* AniAppDemoUITests */ = {
			isa = PBXNativeTarget;
			buildConfigurationList = 63268B5C1FB05AF500B29682 /* Build configuration list for PBXNativeTarget "AniAppDemoUITests" */;
			buildPhases = (
				83C45D36D10DB8B94B75D47D /* [CP] Check Pods Manifest.lock */,
				63268B491FB05AF500B29682 /* Sources */,
				63268B4A1FB05AF500B29682 /* Frameworks */,
				63268B4B1FB05AF500B29682 /* Resources */,
				CC2E3547F7630CFD5F4AE8DE /* [CP] Embed Pods Frameworks */,
				BF612DD873A45646D98471C9 /* [CP] Copy Pods Resources */,
			);
			buildRules = (
			);
			dependencies = (
				63268B4F1FB05AF500B29682 /* PBXTargetDependency */,
			);
			name = AniAppDemoUITests;
			productName = AniAppDemoUITests;
			productReference = 63268B4D1FB05AF500B29682 /* AniAppDemoUITests.xctest */;
			productType = "com.apple.product-type.bundle.ui-testing";
		};
/* End PBXNativeTarget section */

/* Begin PBXProject section */
		63268B261FB05AF500B29682 /* Project object */ = {
			isa = PBXProject;
			attributes = {
				LastSwiftUpdateCheck = 0910;
				LastUpgradeCheck = 0910;
				ORGANIZATIONNAME = Jarvis;
				TargetAttributes = {
					63268B2D1FB05AF500B29682 = {
						CreatedOnToolsVersion = 9.1;
						ProvisioningStyle = Automatic;
					};
					63268B411FB05AF500B29682 = {
						CreatedOnToolsVersion = 9.1;
						ProvisioningStyle = Automatic;
						TestTargetID = 63268B2D1FB05AF500B29682;
					};
					63268B4C1FB05AF500B29682 = {
						CreatedOnToolsVersion = 9.1;
						ProvisioningStyle = Automatic;
						TestTargetID = 63268B2D1FB05AF500B29682;
					};
				};
			};
			buildConfigurationList = 63268B291FB05AF500B29682 /* Build configuration list for PBXProject "AniAppDemo" */;
			compatibilityVersion = "Xcode 8.0";
			developmentRegion = en;
			hasScannedForEncodings = 0;
			knownRegions = (
				en,
				Base,
			);
			mainGroup = 63268B251FB05AF500B29682;
			productRefGroup = 63268B2F1FB05AF500B29682 /* Products */;
			projectDirPath = "";
			projectRoot = "";
			targets = (
				63268B2D1FB05AF500B29682 /* AniAppDemo */,
				63268B411FB05AF500B29682 /* AniAppDemoTests */,
				63268B4C1FB05AF500B29682 /* AniAppDemoUITests */,
			);
		};
/* End PBXProject section */

/* Begin PBXResourcesBuildPhase section */
		63268B2C1FB05AF500B29682 /* Resources */ = {
			isa = PBXResourcesBuildPhase;
			buildActionMask = 2147483647;
			files = (
				63268B3C1FB05AF500B29682 /* LaunchScreen.storyboard in Resources */,
				63268B391FB05AF500B29682 /* Assets.xcassets in Resources */,
				63268B371FB05AF500B29682 /* Main.storyboard in Resources */,
			);
			runOnlyForDeploymentPostprocessing = 0;
		};
		63268B401FB05AF500B29682 /* Resources */ = {
			isa = PBXResourcesBuildPhase;
			buildActionMask = 2147483647;
			files = (
			);
			runOnlyForDeploymentPostprocessing = 0;
		};
		63268B4B1FB05AF500B29682 /* Resources */ = {
			isa = PBXResourcesBuildPhase;
			buildActionMask = 2147483647;
			files = (
			);
			runOnlyForDeploymentPostprocessing = 0;
		};
/* End PBXResourcesBuildPhase section */

/* Begin PBXShellScriptBuildPhase section */
		003F9B431B853E7F5EF63067 /* [CP] Copy Pods Resources */ = {
			isa = PBXShellScriptBuildPhase;
			buildActionMask = 2147483647;
			files = (
			);
			inputPaths = (
			);
			name = "[CP] Copy Pods Resources";
			outputPaths = (
			);
			runOnlyForDeploymentPostprocessing = 0;
			shellPath = /bin/sh;
			shellScript = "\"${SRCROOT}/Pods/Target Support Files/Pods-AniAppDemoTests/Pods-AniAppDemoTests-resources.sh\"\n";
			showEnvVarsInLog = 0;
		};
		65594BB5E679E84DBA0A6515 /* [CP] Check Pods Manifest.lock */ = {
			isa = PBXShellScriptBuildPhase;
			buildActionMask = 2147483647;
			files = (
			);
			inputPaths = (
				"${PODS_PODFILE_DIR_PATH}/Podfile.lock",
				"${PODS_ROOT}/Manifest.lock",
			);
			name = "[CP] Check Pods Manifest.lock";
			outputPaths = (
				"$(DERIVED_FILE_DIR)/Pods-AniAppDemo-checkManifestLockResult.txt",
			);
			runOnlyForDeploymentPostprocessing = 0;
			shellPath = /bin/sh;
			shellScript = "diff \"${PODS_PODFILE_DIR_PATH}/Podfile.lock\" \"${PODS_ROOT}/Manifest.lock\" > /dev/null\nif [ $? != 0 ] ; then\n    # print error to STDERR\n    echo \"error: The sandbox is not in sync with the Podfile.lock. Run 'pod install' or update your CocoaPods installation.\" >&2\n    exit 1\nfi\n# This output is used by Xcode 'outputs' to avoid re-running this script phase.\necho \"SUCCESS\" > \"${SCRIPT_OUTPUT_FILE_0}\"\n";
			showEnvVarsInLog = 0;
		};
		71040DAC5B9E22DBCD7920E6 /* [CP] Copy Pods Resources */ = {
			isa = PBXShellScriptBuildPhase;
			buildActionMask = 2147483647;
			files = (
			);
			inputPaths = (
			);
			name = "[CP] Copy Pods Resources";
			outputPaths = (
			);
			runOnlyForDeploymentPostprocessing = 0;
			shellPath = /bin/sh;
			shellScript = "\"${SRCROOT}/Pods/Target Support Files/Pods-AniAppDemo/Pods-AniAppDemo-resources.sh\"\n";
			showEnvVarsInLog = 0;
		};
		83C45D36D10DB8B94B75D47D /* [CP] Check Pods Manifest.lock */ = {
			isa = PBXShellScriptBuildPhase;
			buildActionMask = 2147483647;
			files = (
			);
			inputPaths = (
				"${PODS_PODFILE_DIR_PATH}/Podfile.lock",
				"${PODS_ROOT}/Manifest.lock",
			);
			name = "[CP] Check Pods Manifest.lock";
			outputPaths = (
				"$(DERIVED_FILE_DIR)/Pods-AniAppDemoUITests-checkManifestLockResult.txt",
			);
			runOnlyForDeploymentPostprocessing = 0;
			shellPath = /bin/sh;
			shellScript = "diff \"${PODS_PODFILE_DIR_PATH}/Podfile.lock\" \"${PODS_ROOT}/Manifest.lock\" > /dev/null\nif [ $? != 0 ] ; then\n    # print error to STDERR\n    echo \"error: The sandbox is not in sync with the Podfile.lock. Run 'pod install' or update your CocoaPods installation.\" >&2\n    exit 1\nfi\n# This output is used by Xcode 'outputs' to avoid re-running this script phase.\necho \"SUCCESS\" > \"${SCRIPT_OUTPUT_FILE_0}\"\n";
			showEnvVarsInLog = 0;
		};
		BF612DD873A45646D98471C9 /* [CP] Copy Pods Resources */ = {
			isa = PBXShellScriptBuildPhase;
			buildActionMask = 2147483647;
			files = (
			);
			inputPaths = (
			);
			name = "[CP] Copy Pods Resources";
			outputPaths = (
			);
			runOnlyForDeploymentPostprocessing = 0;
			shellPath = /bin/sh;
			shellScript = "\"${SRCROOT}/Pods/Target Support Files/Pods-AniAppDemoUITests/Pods-AniAppDemoUITests-resources.sh\"\n";
			showEnvVarsInLog = 0;
		};
		C041A11D0E9D6A1C38C5A637 /* [CP] Check Pods Manifest.lock */ = {
			isa = PBXShellScriptBuildPhase;
			buildActionMask = 2147483647;
			files = (
			);
			inputPaths = (
				"${PODS_PODFILE_DIR_PATH}/Podfile.lock",
				"${PODS_ROOT}/Manifest.lock",
			);
			name = "[CP] Check Pods Manifest.lock";
			outputPaths = (
				"$(DERIVED_FILE_DIR)/Pods-AniAppDemoTests-checkManifestLockResult.txt",
			);
			runOnlyForDeploymentPostprocessing = 0;
			shellPath = /bin/sh;
			shellScript = "diff \"${PODS_PODFILE_DIR_PATH}/Podfile.lock\" \"${PODS_ROOT}/Manifest.lock\" > /dev/null\nif [ $? != 0 ] ; then\n    # print error to STDERR\n    echo \"error: The sandbox is not in sync with the Podfile.lock. Run 'pod install' or update your CocoaPods installation.\" >&2\n    exit 1\nfi\n# This output is used by Xcode 'outputs' to avoid re-running this script phase.\necho \"SUCCESS\" > \"${SCRIPT_OUTPUT_FILE_0}\"\n";
			showEnvVarsInLog = 0;
		};
		CC2E3547F7630CFD5F4AE8DE /* [CP] Embed Pods Frameworks */ = {
			isa = PBXShellScriptBuildPhase;
			buildActionMask = 2147483647;
			files = (
			);
			inputPaths = (
			);
			name = "[CP] Embed Pods Frameworks";
			outputPaths = (
			);
			runOnlyForDeploymentPostprocessing = 0;
			shellPath = /bin/sh;
			shellScript = "\"${SRCROOT}/Pods/Target Support Files/Pods-AniAppDemoUITests/Pods-AniAppDemoUITests-frameworks.sh\"\n";
			showEnvVarsInLog = 0;
		};
		E816D873E792BC2142BFEF7D /* [CP] Embed Pods Frameworks */ = {
			isa = PBXShellScriptBuildPhase;
			buildActionMask = 2147483647;
			files = (
			);
			inputPaths = (
				"${SRCROOT}/Pods/Target Support Files/Pods-AniAppDemo/Pods-AniAppDemo-frameworks.sh",
				"${BUILT_PRODUCTS_DIR}/Alamofire/Alamofire.framework",
				"${BUILT_PRODUCTS_DIR}/AlamofireObjectMapper/AlamofireObjectMapper.framework",
				"${BUILT_PRODUCTS_DIR}/Kingfisher/Kingfisher.framework",
				"${BUILT_PRODUCTS_DIR}/ObjectMapper/ObjectMapper.framework",
			);
			name = "[CP] Embed Pods Frameworks";
			outputPaths = (
				"${TARGET_BUILD_DIR}/${FRAMEWORKS_FOLDER_PATH}/Alamofire.framework",
				"${TARGET_BUILD_DIR}/${FRAMEWORKS_FOLDER_PATH}/AlamofireObjectMapper.framework",
				"${TARGET_BUILD_DIR}/${FRAMEWORKS_FOLDER_PATH}/Kingfisher.framework",
				"${TARGET_BUILD_DIR}/${FRAMEWORKS_FOLDER_PATH}/ObjectMapper.framework",
			);
			runOnlyForDeploymentPostprocessing = 0;
			shellPath = /bin/sh;
			shellScript = "\"${SRCROOT}/Pods/Target Support Files/Pods-AniAppDemo/Pods-AniAppDemo-frameworks.sh\"\n";
			showEnvVarsInLog = 0;
		};
		FE4841C0B33C701CC98FB198 /* [CP] Embed Pods Frameworks */ = {
			isa = PBXShellScriptBuildPhase;
			buildActionMask = 2147483647;
			files = (
			);
			inputPaths = (
			);
			name = "[CP] Embed Pods Frameworks";
			outputPaths = (
			);
			runOnlyForDeploymentPostprocessing = 0;
			shellPath = /bin/sh;
			shellScript = "\"${SRCROOT}/Pods/Target Support Files/Pods-AniAppDemoTests/Pods-AniAppDemoTests-frameworks.sh\"\n";
			showEnvVarsInLog = 0;
		};
/* End PBXShellScriptBuildPhase section */

/* Begin PBXSourcesBuildPhase section */
		63268B2A1FB05AF500B29682 /* Sources */ = {
			isa = PBXSourcesBuildPhase;
			buildActionMask = 2147483647;
			files = (
				635A7B9F1FB0C0DF004ADCAE /* MangaTableViewCell.swift in Sources */,
				63268B7B1FB074A000B29682 /* AniDetailsVC.swift in Sources */,
				63268B6D1FB0634E00B29682 /* SerieDetails.swift in Sources */,
				635A7BA31FB0CA7E004ADCAE /* SearchModel.swift in Sources */,
				63268B321FB05AF500B29682 /* AppDelegate.swift in Sources */,
				63268B6B1FB0632800B29682 /* Serie.swift in Sources */,
				63268B711FB0638A00B29682 /* CharacterDetails.swift in Sources */,
				63268B691FB062D700B29682 /* NetworkManager.swift in Sources */,
				63268B751FB0645800B29682 /* SerieCell.swift in Sources */,
				635A7BA11FB0C12C004ADCAE /* AniSearchVC.swift in Sources */,
				63268B671FB0625A00B29682 /* TokenSession.swift in Sources */,
				63268B731FB0639F00B29682 /* Episode.swift in Sources */,
				63268B771FB064BB00B29682 /* HomeVC.swift in Sources */,
				63268B651FB0620A00B29682 /* Constants.swift in Sources */,
			);
			runOnlyForDeploymentPostprocessing = 0;
		};
		63268B3E1FB05AF500B29682 /* Sources */ = {
			isa = PBXSourcesBuildPhase;
			buildActionMask = 2147483647;
			files = (
				63268B471FB05AF500B29682 /* AniAppDemoTests.swift in Sources */,
			);
			runOnlyForDeploymentPostprocessing = 0;
		};
		63268B491FB05AF500B29682 /* Sources */ = {
			isa = PBXSourcesBuildPhase;
			buildActionMask = 2147483647;
			files = (
				63268B521FB05AF500B29682 /* AniAppDemoUITests.swift in Sources */,
			);
			runOnlyForDeploymentPostprocessing = 0;
		};
/* End PBXSourcesBuildPhase section */

/* Begin PBXTargetDependency section */
		63268B441FB05AF500B29682 /* PBXTargetDependency */ = {
			isa = PBXTargetDependency;
			target = 63268B2D1FB05AF500B29682 /* AniAppDemo */;
			targetProxy = 63268B431FB05AF500B29682 /* PBXContainerItemProxy */;
		};
		63268B4F1FB05AF500B29682 /* PBXTargetDependency */ = {
			isa = PBXTargetDependency;
			target = 63268B2D1FB05AF500B29682 /* AniAppDemo */;
			targetProxy = 63268B4E1FB05AF500B29682 /* PBXContainerItemProxy */;
		};
/* End PBXTargetDependency section */

/* Begin PBXVariantGroup section */
		63268B351FB05AF500B29682 /* Main.storyboard */ = {
			isa = PBXVariantGroup;
			children = (
				63268B361FB05AF500B29682 /* Base */,
			);
			name = Main.storyboard;
			sourceTree = "<group>";
		};
		63268B3A1FB05AF500B29682 /* LaunchScreen.storyboard */ = {
			isa = PBXVariantGroup;
			children = (
				63268B3B1FB05AF500B29682 /* Base */,
			);
			name = LaunchScreen.storyboard;
			sourceTree = "<group>";
		};
/* End PBXVariantGroup section */

/* Begin XCBuildConfiguration section */
		63268B541FB05AF500B29682 /* Debug */ = {
			isa = XCBuildConfiguration;
			buildSettings = {
				ALWAYS_SEARCH_USER_PATHS = NO;
				CLANG_ANALYZER_NONNULL = YES;
				CLANG_ANALYZER_NUMBER_OBJECT_CONVERSION = YES_AGGRESSIVE;
				CLANG_CXX_LANGUAGE_STANDARD = "gnu++14";
				CLANG_CXX_LIBRARY = "libc++";
				CLANG_ENABLE_MODULES = YES;
				CLANG_ENABLE_OBJC_ARC = YES;
				CLANG_WARN_BLOCK_CAPTURE_AUTORELEASING = YES;
				CLANG_WARN_BOOL_CONVERSION = YES;
				CLANG_WARN_COMMA = YES;
				CLANG_WARN_CONSTANT_CONVERSION = YES;
				CLANG_WARN_DIRECT_OBJC_ISA_USAGE = YES_ERROR;
				CLANG_WARN_DOCUMENTATION_COMMENTS = YES;
				CLANG_WARN_EMPTY_BODY = YES;
				CLANG_WARN_ENUM_CONVERSION = YES;
				CLANG_WARN_INFINITE_RECURSION = YES;
				CLANG_WARN_INT_CONVERSION = YES;
				CLANG_WARN_NON_LITERAL_NULL_CONVERSION = YES;
				CLANG_WARN_OBJC_LITERAL_CONVERSION = YES;
				CLANG_WARN_OBJC_ROOT_CLASS = YES_ERROR;
				CLANG_WARN_RANGE_LOOP_ANALYSIS = YES;
				CLANG_WARN_STRICT_PROTOTYPES = YES;
				CLANG_WARN_SUSPICIOUS_MOVE = YES;
				CLANG_WARN_UNGUARDED_AVAILABILITY = YES_AGGRESSIVE;
				CLANG_WARN_UNREACHABLE_CODE = YES;
				CLANG_WARN__DUPLICATE_METHOD_MATCH = YES;
				CODE_SIGN_IDENTITY = "iPhone Developer";
				COPY_PHASE_STRIP = NO;
				DEBUG_INFORMATION_FORMAT = dwarf;
				ENABLE_STRICT_OBJC_MSGSEND = YES;
				ENABLE_TESTABILITY = YES;
				GCC_C_LANGUAGE_STANDARD = gnu11;
				GCC_DYNAMIC_NO_PIC = NO;
				GCC_NO_COMMON_BLOCKS = YES;
				GCC_OPTIMIZATION_LEVEL = 0;
				GCC_PREPROCESSOR_DEFINITIONS = (
					"DEBUG=1",
					"$(inherited)",
				);
				GCC_WARN_64_TO_32_BIT_CONVERSION = YES;
				GCC_WARN_ABOUT_RETURN_TYPE = YES_ERROR;
				GCC_WARN_UNDECLARED_SELECTOR = YES;
				GCC_WARN_UNINITIALIZED_AUTOS = YES_AGGRESSIVE;
				GCC_WARN_UNUSED_FUNCTION = YES;
				GCC_WARN_UNUSED_VARIABLE = YES;
				IPHONEOS_DEPLOYMENT_TARGET = 11.1;
				MTL_ENABLE_DEBUG_INFO = YES;
				ONLY_ACTIVE_ARCH = YES;
				SDKROOT = iphoneos;
				SWIFT_ACTIVE_COMPILATION_CONDITIONS = DEBUG;
				SWIFT_OPTIMIZATION_LEVEL = "-Onone";
			};
			name = Debug;
		};
		63268B551FB05AF500B29682 /* Release */ = {
			isa = XCBuildConfiguration;
			buildSettings = {
				ALWAYS_SEARCH_USER_PATHS = NO;
				CLANG_ANALYZER_NONNULL = YES;
				CLANG_ANALYZER_NUMBER_OBJECT_CONVERSION = YES_AGGRESSIVE;
				CLANG_CXX_LANGUAGE_STANDARD = "gnu++14";
				CLANG_CXX_LIBRARY = "libc++";
				CLANG_ENABLE_MODULES = YES;
				CLANG_ENABLE_OBJC_ARC = YES;
				CLANG_WARN_BLOCK_CAPTURE_AUTORELEASING = YES;
				CLANG_WARN_BOOL_CONVERSION = YES;
				CLANG_WARN_COMMA = YES;
				CLANG_WARN_CONSTANT_CONVERSION = YES;
				CLANG_WARN_DIRECT_OBJC_ISA_USAGE = YES_ERROR;
				CLANG_WARN_DOCUMENTATION_COMMENTS = YES;
				CLANG_WARN_EMPTY_BODY = YES;
				CLANG_WARN_ENUM_CONVERSION = YES;
				CLANG_WARN_INFINITE_RECURSION = YES;
				CLANG_WARN_INT_CONVERSION = YES;
				CLANG_WARN_NON_LITERAL_NULL_CONVERSION = YES;
				CLANG_WARN_OBJC_LITERAL_CONVERSION = YES;
				CLANG_WARN_OBJC_ROOT_CLASS = YES_ERROR;
				CLANG_WARN_RANGE_LOOP_ANALYSIS = YES;
				CLANG_WARN_STRICT_PROTOTYPES = YES;
				CLANG_WARN_SUSPICIOUS_MOVE = YES;
				CLANG_WARN_UNGUARDED_AVAILABILITY = YES_AGGRESSIVE;
				CLANG_WARN_UNREACHABLE_CODE = YES;
				CLANG_WARN__DUPLICATE_METHOD_MATCH = YES;
				CODE_SIGN_IDENTITY = "iPhone Developer";
				COPY_PHASE_STRIP = NO;
				DEBUG_INFORMATION_FORMAT = "dwarf-with-dsym";
				ENABLE_NS_ASSERTIONS = NO;
				ENABLE_STRICT_OBJC_MSGSEND = YES;
				GCC_C_LANGUAGE_STANDARD = gnu11;
				GCC_NO_COMMON_BLOCKS = YES;
				GCC_WARN_64_TO_32_BIT_CONVERSION = YES;
				GCC_WARN_ABOUT_RETURN_TYPE = YES_ERROR;
				GCC_WARN_UNDECLARED_SELECTOR = YES;
				GCC_WARN_UNINITIALIZED_AUTOS = YES_AGGRESSIVE;
				GCC_WARN_UNUSED_FUNCTION = YES;
				GCC_WARN_UNUSED_VARIABLE = YES;
				IPHONEOS_DEPLOYMENT_TARGET = 11.1;
				MTL_ENABLE_DEBUG_INFO = NO;
				SDKROOT = iphoneos;
				SWIFT_OPTIMIZATION_LEVEL = "-Owholemodule";
				VALIDATE_PRODUCT = YES;
			};
			name = Release;
		};
		63268B571FB05AF500B29682 /* Debug */ = {
			isa = XCBuildConfiguration;
			baseConfigurationReference = D7B331D5E82F8C9AF13D0AF0 /* Pods-AniAppDemo.debug.xcconfig */;
			buildSettings = {
				ASSETCATALOG_COMPILER_APPICON_NAME = AppIcon;
				CODE_SIGN_STYLE = Automatic;
				INFOPLIST_FILE = AniAppDemo/Info.plist;
				IPHONEOS_DEPLOYMENT_TARGET = 10.0;
				LD_RUNPATH_SEARCH_PATHS = "$(inherited) @executable_path/Frameworks";
				PRODUCT_BUNDLE_IDENTIFIER = abc.AniAppDemo;
				PRODUCT_NAME = "$(TARGET_NAME)";
				SWIFT_VERSION = 3.0;
				TARGETED_DEVICE_FAMILY = 1;
			};
			name = Debug;
		};
		63268B581FB05AF500B29682 /* Release */ = {
			isa = XCBuildConfiguration;
			baseConfigurationReference = 6FDDF9ABAA5537C712CA207F /* Pods-AniAppDemo.release.xcconfig */;
			buildSettings = {
				ASSETCATALOG_COMPILER_APPICON_NAME = AppIcon;
				CODE_SIGN_STYLE = Automatic;
				INFOPLIST_FILE = AniAppDemo/Info.plist;
				IPHONEOS_DEPLOYMENT_TARGET = 10.0;
				LD_RUNPATH_SEARCH_PATHS = "$(inherited) @executable_path/Frameworks";
				PRODUCT_BUNDLE_IDENTIFIER = abc.AniAppDemo;
				PRODUCT_NAME = "$(TARGET_NAME)";
				SWIFT_VERSION = 3.0;
				TARGETED_DEVICE_FAMILY = 1;
			};
			name = Release;
		};
		63268B5A1FB05AF500B29682 /* Debug */ = {
			isa = XCBuildConfiguration;
			baseConfigurationReference = 25BE995EA6BA80C49673D1B0 /* Pods-AniAppDemoTests.debug.xcconfig */;
			buildSettings = {
				ALWAYS_EMBED_SWIFT_STANDARD_LIBRARIES = YES;
				BUNDLE_LOADER = "$(TEST_HOST)";
				CODE_SIGN_STYLE = Automatic;
				INFOPLIST_FILE = AniAppDemoTests/Info.plist;
				LD_RUNPATH_SEARCH_PATHS = "$(inherited) @executable_path/Frameworks @loader_path/Frameworks";
				PRODUCT_BUNDLE_IDENTIFIER = abc.AniAppDemoTests;
				PRODUCT_NAME = "$(TARGET_NAME)";
				SWIFT_VERSION = 4.0;
				TARGETED_DEVICE_FAMILY = "1,2";
				TEST_HOST = "$(BUILT_PRODUCTS_DIR)/AniAppDemo.app/AniAppDemo";
			};
			name = Debug;
		};
		63268B5B1FB05AF500B29682 /* Release */ = {
			isa = XCBuildConfiguration;
			baseConfigurationReference = 216655B7AF17C526FD256D5A /* Pods-AniAppDemoTests.release.xcconfig */;
			buildSettings = {
				ALWAYS_EMBED_SWIFT_STANDARD_LIBRARIES = YES;
				BUNDLE_LOADER = "$(TEST_HOST)";
				CODE_SIGN_STYLE = Automatic;
				INFOPLIST_FILE = AniAppDemoTests/Info.plist;
				LD_RUNPATH_SEARCH_PATHS = "$(inherited) @executable_path/Frameworks @loader_path/Frameworks";
				PRODUCT_BUNDLE_IDENTIFIER = abc.AniAppDemoTests;
				PRODUCT_NAME = "$(TARGET_NAME)";
				SWIFT_VERSION = 4.0;
				TARGETED_DEVICE_FAMILY = "1,2";
				TEST_HOST = "$(BUILT_PRODUCTS_DIR)/AniAppDemo.app/AniAppDemo";
			};
			name = Release;
		};
		63268B5D1FB05AF500B29682 /* Debug */ = {
			isa = XCBuildConfiguration;
			baseConfigurationReference = B7423D7EF3220FDCD610BD84 /* Pods-AniAppDemoUITests.debug.xcconfig */;
			buildSettings = {
				ALWAYS_EMBED_SWIFT_STANDARD_LIBRARIES = YES;
				CODE_SIGN_STYLE = Automatic;
				INFOPLIST_FILE = AniAppDemoUITests/Info.plist;
				LD_RUNPATH_SEARCH_PATHS = "$(inherited) @executable_path/Frameworks @loader_path/Frameworks";
				PRODUCT_BUNDLE_IDENTIFIER = abc.AniAppDemoUITests;
				PRODUCT_NAME = "$(TARGET_NAME)";
				SWIFT_VERSION = 4.0;
				TARGETED_DEVICE_FAMILY = "1,2";
				TEST_TARGET_NAME = AniAppDemo;
			};
			name = Debug;
		};
		63268B5E1FB05AF500B29682 /* Release */ = {
			isa = XCBuildConfiguration;
			baseConfigurationReference = 8ED1818FBD2CA916DEC3B6BC /* Pods-AniAppDemoUITests.release.xcconfig */;
			buildSettings = {
				ALWAYS_EMBED_SWIFT_STANDARD_LIBRARIES = YES;
				CODE_SIGN_STYLE = Automatic;
				INFOPLIST_FILE = AniAppDemoUITests/Info.plist;
				LD_RUNPATH_SEARCH_PATHS = "$(inherited) @executable_path/Frameworks @loader_path/Frameworks";
				PRODUCT_BUNDLE_IDENTIFIER = abc.AniAppDemoUITests;
				PRODUCT_NAME = "$(TARGET_NAME)";
				SWIFT_VERSION = 4.0;
				TARGETED_DEVICE_FAMILY = "1,2";
				TEST_TARGET_NAME = AniAppDemo;
			};
			name = Release;
		};
/* End XCBuildConfiguration section */

/* Begin XCConfigurationList section */
		63268B291FB05AF500B29682 /* Build configuration list for PBXProject "AniAppDemo" */ = {
			isa = XCConfigurationList;
			buildConfigurations = (
				63268B541FB05AF500B29682 /* Debug */,
				63268B551FB05AF500B29682 /* Release */,
			);
			defaultConfigurationIsVisible = 0;
			defaultConfigurationName = Release;
		};
		63268B561FB05AF500B29682 /* Build configuration list for PBXNativeTarget "AniAppDemo" */ = {
			isa = XCConfigurationList;
			buildConfigurations = (
				63268B571FB05AF500B29682 /* Debug */,
				63268B581FB05AF500B29682 /* Release */,
			);
			defaultConfigurationIsVisible = 0;
			defaultConfigurationName = Release;
		};
		63268B591FB05AF500B29682 /* Build configuration list for PBXNativeTarget "AniAppDemoTests" */ = {
			isa = XCConfigurationList;
			buildConfigurations = (
				63268B5A1FB05AF500B29682 /* Debug */,
				63268B5B1FB05AF500B29682 /* Release */,
			);
			defaultConfigurationIsVisible = 0;
			defaultConfigurationName = Release;
		};
		63268B5C1FB05AF500B29682 /* Build configuration list for PBXNativeTarget "AniAppDemoUITests" */ = {
			isa = XCConfigurationList;
			buildConfigurations = (
				63268B5D1FB05AF500B29682 /* Debug */,
				63268B5E1FB05AF500B29682 /* Release */,
			);
			defaultConfigurationIsVisible = 0;
			defaultConfigurationName = Release;
		};
/* End XCConfigurationList section */
	};
	rootObject = 63268B261FB05AF500B29682 /* Project object */;
}
